{
  "version": "v1",
  "packages": {
    "@heaps/cli": {
      "signature": "72b83b5fd9ea2dbb95fe93ec366a2ad8",
      "file": true
    },
    "@heaps/engine": {
      "signature": "b432469b61cd91130690dd4054b1731c",
      "file": true
    },
    "@heaps/generators": {
      "signature": "8c0e3a409c7de2a6bc434be21167fa6f",
      "file": true
    }
  }
}