{
  "version": "v1",
  "packages": {
    "@heaps/cli": {
      "signature": "4737c9a2b25af7eec279b67c15e92021",
      "file": true
    },
    "@heaps/engine": {
      "signature": "3bca75a357390a774715c458d1e5bbc2",
      "file": true
    },
    "@heaps/generators": {
      "signature": "251d34a05b95413afe2890f10c918582",
      "file": true
    }
  }
}