{
  "version": "v1",
  "packages": {
    "@heaps/cli": {
      "signature": "18213b2646908f83a07e56b8feb20e0d",
      "file": true
    },
    "@heaps/engine": {
      "signature": "b432469b61cd91130690dd4054b1731c",
      "file": true
    },
    "@heaps/generators": {
      "signature": "550a20b948c6b618c937eb90240996f0",
      "file": true
    }
  }
}